version: 2.0
shards:
  db:
    git: https://github.com/crystal-lang/crystal-db.git
    version: 0.10.1

  discordcr:
    git: https://github.com/shardlab/discordcr.git
    version: 0.4.0+git.commit.916709535028811fc959744c88a1514716b9a11c

  dotenv:
    git: https://github.com/gdotdesign/cr-dotenv.git
    version: 1.0.0

  sqlite3:
    git: https://github.com/crystal-lang/crystal-sqlite3.git
    version: 0.18.0

